// !$*UTF8*$!
{
	archiveVersion = 1;
	classes = {
	};
	objectVersion = 51;
	objects = {

/* Begin PBXBuildFile section */
		0008E92F550F0EF11A062D9C /* Pods_stodo_stodoUITests.framework in Frameworks */ = {isa = PBXBuildFile; fileRef = 9DBED0B6F0DE2E9D35C7053B /* Pods_stodo_stodoUITests.framework */; };
		275CDD6A4F0260EA25B57850 /* Pods_stodoTests.framework in Frameworks */ = {isa = PBXBuildFile; fileRef = CBD38D43AF365C38E8DABDFF /* Pods_stodoTests.framework */; };
		A801ADF92443C4090078225D /* String+Data.swift in Sources */ = {isa = PBXBuildFile; fileRef = A801ADF82443C4090078225D /* String+Data.swift */; };
		A801ADFC2443C5510078225D /* Task.swift in Sources */ = {isa = PBXBuildFile; fileRef = A801ADFB2443C5510078225D /* Task.swift */; };
		A801ADFE2443C55A0078225D /* List.swift in Sources */ = {isa = PBXBuildFile; fileRef = A801ADFD2443C55A0078225D /* List.swift */; };
		A801AE002443C5F20078225D /* ListsResponse.swift in Sources */ = {isa = PBXBuildFile; fileRef = A801ADFF2443C5F20078225D /* ListsResponse.swift */; };
		A801AE042443C8580078225D /* ListsViewController.swift in Sources */ = {isa = PBXBuildFile; fileRef = A801AE022443C8580078225D /* ListsViewController.swift */; };
		A801AE052443C8580078225D /* ListsViewController.xib in Resources */ = {isa = PBXBuildFile; fileRef = A801AE032443C8580078225D /* ListsViewController.xib */; };
		A82D58512443BD9F00B237F0 /* ListsAPI.swift in Sources */ = {isa = PBXBuildFile; fileRef = A82D58502443BD9F00B237F0 /* ListsAPI.swift */; };
		A82D58532443BE3E00B237F0 /* Constants.swift in Sources */ = {isa = PBXBuildFile; fileRef = A82D58522443BE3E00B237F0 /* Constants.swift */; };
		A83A2CBB2444E36E007C0BEB /* ListsServiceProtocol.swift in Sources */ = {isa = PBXBuildFile; fileRef = A83A2CBA2444E36E007C0BEB /* ListsServiceProtocol.swift */; };
		A83A2CBD2444E37C007C0BEB /* ListsService.swift in Sources */ = {isa = PBXBuildFile; fileRef = A83A2CBC2444E37C007C0BEB /* ListsService.swift */; };
		A83A2CC02444E748007C0BEB /* LoadingDataError.swift in Sources */ = {isa = PBXBuildFile; fileRef = A83A2CBF2444E748007C0BEB /* LoadingDataError.swift */; };
		A886FF1524479C0100EBAF2F /* ListsDataSource.swift in Sources */ = {isa = PBXBuildFile; fileRef = A886FF1424479C0100EBAF2F /* ListsDataSource.swift */; };
		A886FF1924479C8400EBAF2F /* ListsTableViewCell.swift in Sources */ = {isa = PBXBuildFile; fileRef = A886FF1724479C8400EBAF2F /* ListsTableViewCell.swift */; };
		A886FF1A24479C8400EBAF2F /* ListsTableViewCell.xib in Resources */ = {isa = PBXBuildFile; fileRef = A886FF1824479C8400EBAF2F /* ListsTableViewCell.xib */; };
		A8B16A3C24479D1F00C0F5A4 /* UITableViewCell+Identifier.swift in Sources */ = {isa = PBXBuildFile; fileRef = A8B16A3B24479D1F00C0F5A4 /* UITableViewCell+Identifier.swift */; };
		A8B16A3E2447A61C00C0F5A4 /* UiTableViewCell+Nib.swift in Sources */ = {isa = PBXBuildFile; fileRef = A8B16A3D2447A61C00C0F5A4 /* UiTableViewCell+Nib.swift */; };
		A8B9E8F4244384C8004EE028 /* AppDelegate.swift in Sources */ = {isa = PBXBuildFile; fileRef = A8B9E8F3244384C8004EE028 /* AppDelegate.swift */; };
		A8B9E8F8244384C8004EE028 /* ViewController.swift in Sources */ = {isa = PBXBuildFile; fileRef = A8B9E8F7244384C8004EE028 /* ViewController.swift */; };
		A8B9E8FD244384C9004EE028 /* Assets.xcassets in Resources */ = {isa = PBXBuildFile; fileRef = A8B9E8FC244384C9004EE028 /* Assets.xcassets */; };
		A8B9E900244384C9004EE028 /* LaunchScreen.storyboard in Resources */ = {isa = PBXBuildFile; fileRef = A8B9E8FE244384C9004EE028 /* LaunchScreen.storyboard */; };
		A8B9E90B244384CA004EE028 /* stodoTests.swift in Sources */ = {isa = PBXBuildFile; fileRef = A8B9E90A244384CA004EE028 /* stodoTests.swift */; };
		A8B9E916244384CA004EE028 /* stodoUITests.swift in Sources */ = {isa = PBXBuildFile; fileRef = A8B9E915244384CA004EE028 /* stodoUITests.swift */; };
		A8C54F8A24477EA700F9EE13 /* ListsModuleInput.swift in Sources */ = {isa = PBXBuildFile; fileRef = A8C54F8924477EA700F9EE13 /* ListsModuleInput.swift */; };
		A8C54F8C24477EC900F9EE13 /* ListsModuleOutput.swift in Sources */ = {isa = PBXBuildFile; fileRef = A8C54F8B24477EC900F9EE13 /* ListsModuleOutput.swift */; };
		A8C54F8E24477EE200F9EE13 /* ListsPresenter.swift in Sources */ = {isa = PBXBuildFile; fileRef = A8C54F8D24477EE200F9EE13 /* ListsPresenter.swift */; };
		A8C54F9024477F7F00F9EE13 /* ListsViewInput.swift in Sources */ = {isa = PBXBuildFile; fileRef = A8C54F8F24477F7F00F9EE13 /* ListsViewInput.swift */; };
		A8C54F9224477FC600F9EE13 /* ListsViewOutput.swift in Sources */ = {isa = PBXBuildFile; fileRef = A8C54F9124477FC600F9EE13 /* ListsViewOutput.swift */; };
		A8C54F94244781B100F9EE13 /* ListsConfigurator.swift in Sources */ = {isa = PBXBuildFile; fileRef = A8C54F93244781B100F9EE13 /* ListsConfigurator.swift */; };
		A8C54F9B2447829800F9EE13 /* ListsConfiguratorTests.swift in Sources */ = {isa = PBXBuildFile; fileRef = A8C54F9A2447829800F9EE13 /* ListsConfiguratorTests.swift */; };
		A8C54F9E2447885C00F9EE13 /* ListsRouterInput.swift in Sources */ = {isa = PBXBuildFile; fileRef = A8C54F9D2447885C00F9EE13 /* ListsRouterInput.swift */; };
		A8C54FA02447887800F9EE13 /* ListsRouter.swift in Sources */ = {isa = PBXBuildFile; fileRef = A8C54F9F2447887800F9EE13 /* ListsRouter.swift */; };
		A8C54FA3244788E600F9EE13 /* ModuleTransitionable.swift in Sources */ = {isa = PBXBuildFile; fileRef = A8C54FA2244788E600F9EE13 /* ModuleTransitionable.swift */; };
		A8F0E45E244B1E3600EC5830 /* Assets.xcassets in Resources */ = {isa = PBXBuildFile; fileRef = A8F0E45D244B1E3600EC5830 /* Assets.xcassets */; };
		A8F0E464244B21DF00EC5830 /* AddListModuleOutput.swift in Sources */ = {isa = PBXBuildFile; fileRef = A8F0E463244B21DF00EC5830 /* AddListModuleOutput.swift */; };
		A8F0E466244B21F200EC5830 /* AddListPresenter.swift in Sources */ = {isa = PBXBuildFile; fileRef = A8F0E465244B21F200EC5830 /* AddListPresenter.swift */; };
		A8F0E46A244B222800EC5830 /* AddListViewController.swift in Sources */ = {isa = PBXBuildFile; fileRef = A8F0E468244B222800EC5830 /* AddListViewController.swift */; };
		A8F0E46B244B222800EC5830 /* AddListViewController.xib in Resources */ = {isa = PBXBuildFile; fileRef = A8F0E469244B222800EC5830 /* AddListViewController.xib */; };
		A8F0E46F244B224C00EC5830 /* AddListViewOutput.swift in Sources */ = {isa = PBXBuildFile; fileRef = A8F0E46E244B224C00EC5830 /* AddListViewOutput.swift */; };
		A8F0E473244B239100EC5830 /* AddListConfigurator.swift in Sources */ = {isa = PBXBuildFile; fileRef = A8F0E472244B239100EC5830 /* AddListConfigurator.swift */; };
		A8F0E479244B2F6E00EC5830 /* Assets.xcassets in Resources */ = {isa = PBXBuildFile; fileRef = A8F0E478244B2F6E00EC5830 /* Assets.xcassets */; };
		A8F0E47B244B35C300EC5830 /* UITextField+Done.swift in Sources */ = {isa = PBXBuildFile; fileRef = A8F0E47A244B35C300EC5830 /* UITextField+Done.swift */; };
		A8F0E47D244B376100EC5830 /* UITextView+Done.swift in Sources */ = {isa = PBXBuildFile; fileRef = A8F0E47C244B376100EC5830 /* UITextView+Done.swift */; };
		A8F0E47F244B384B00EC5830 /* UIColor+hex.swift in Sources */ = {isa = PBXBuildFile; fileRef = A8F0E47E244B384B00EC5830 /* UIColor+hex.swift */; };
		A8F0E481244B39CD00EC5830 /* AddListViewInput.swift in Sources */ = {isa = PBXBuildFile; fileRef = A8F0E480244B39CD00EC5830 /* AddListViewInput.swift */; };
		A8F0E484244B3F1800EC5830 /* AddListRouterInput.swift in Sources */ = {isa = PBXBuildFile; fileRef = A8F0E483244B3F1800EC5830 /* AddListRouterInput.swift */; };
		A8F0E486244B3F2E00EC5830 /* AddListRouter.swift in Sources */ = {isa = PBXBuildFile; fileRef = A8F0E485244B3F2E00EC5830 /* AddListRouter.swift */; };
		A8F0E488244B4FC000EC5830 /* ListsDataSourceOutput.swift in Sources */ = {isa = PBXBuildFile; fileRef = A8F0E487244B4FC000EC5830 /* ListsDataSourceOutput.swift */; };
		A8F0E48C244B519700EC5830 /* Assets.xcassets in Resources */ = {isa = PBXBuildFile; fileRef = A8F0E48B244B519700EC5830 /* Assets.xcassets */; };
		A8F0E490244B51F900EC5830 /* TasksViewController.swift in Sources */ = {isa = PBXBuildFile; fileRef = A8F0E48E244B51F900EC5830 /* TasksViewController.swift */; };
		A8F0E491244B51F900EC5830 /* TasksViewController.xib in Resources */ = {isa = PBXBuildFile; fileRef = A8F0E48F244B51F900EC5830 /* TasksViewController.xib */; };
		A8F0E493244B521500EC5830 /* TasksViewInput.swift in Sources */ = {isa = PBXBuildFile; fileRef = A8F0E492244B521500EC5830 /* TasksViewInput.swift */; };
		A8F0E495244B524100EC5830 /* TasksViewOutput.swift in Sources */ = {isa = PBXBuildFile; fileRef = A8F0E494244B524100EC5830 /* TasksViewOutput.swift */; };
		A8F0E499244B528900EC5830 /* TasksPresenter.swift in Sources */ = {isa = PBXBuildFile; fileRef = A8F0E498244B528900EC5830 /* TasksPresenter.swift */; };
		A8F0E49B244B52A400EC5830 /* TasksModuleInput.swift in Sources */ = {isa = PBXBuildFile; fileRef = A8F0E49A244B52A400EC5830 /* TasksModuleInput.swift */; };
		A8F0E49D244B52BA00EC5830 /* TasksModuleOutput.swift in Sources */ = {isa = PBXBuildFile; fileRef = A8F0E49C244B52BA00EC5830 /* TasksModuleOutput.swift */; };
		A8F0E4A0244B537B00EC5830 /* TasksRouterInput.swift in Sources */ = {isa = PBXBuildFile; fileRef = A8F0E49F244B537B00EC5830 /* TasksRouterInput.swift */; };
		A8F0E4A2244B538F00EC5830 /* TasksRouter.swift in Sources */ = {isa = PBXBuildFile; fileRef = A8F0E4A1244B538F00EC5830 /* TasksRouter.swift */; };
		A8F0E4A5244B548D00EC5830 /* TasksConfigurator.swift in Sources */ = {isa = PBXBuildFile; fileRef = A8F0E4A4244B548D00EC5830 /* TasksConfigurator.swift */; };
		A8F0E4A9244B996C00EC5830 /* TaskTableViewCell.swift in Sources */ = {isa = PBXBuildFile; fileRef = A8F0E4A7244B996C00EC5830 /* TaskTableViewCell.swift */; };
		A8F0E4AA244B996C00EC5830 /* TaskTableViewCell.xib in Resources */ = {isa = PBXBuildFile; fileRef = A8F0E4A8244B996C00EC5830 /* TaskTableViewCell.xib */; };
		A8F0E4AC244BAD7500EC5830 /* TasksDataSource.swift in Sources */ = {isa = PBXBuildFile; fileRef = A8F0E4AB244BAD7500EC5830 /* TasksDataSource.swift */; };
		A8F0E4AE244C8C6E00EC5830 /* TasksTableViewHeader.swift in Sources */ = {isa = PBXBuildFile; fileRef = A8F0E4AD244C8C6E00EC5830 /* TasksTableViewHeader.swift */; };
		A8F0E4B0244C8F5400EC5830 /* UITableViewHeaderFooterView+Identifier.swift in Sources */ = {isa = PBXBuildFile; fileRef = A8F0E4AF244C8F5400EC5830 /* UITableViewHeaderFooterView+Identifier.swift */; };
		FF27F1BAF72F42C1501E09A5 /* Pods_stodo.framework in Frameworks */ = {isa = PBXBuildFile; fileRef = BFAE8BCBF5A27961AD9AA5FC /* Pods_stodo.framework */; };
/* End PBXBuildFile section */

/* Begin PBXContainerItemProxy section */
		A8B9E907244384CA004EE028 /* PBXContainerItemProxy */ = {
			isa = PBXContainerItemProxy;
			containerPortal = A8B9E8E8244384C8004EE028 /* Project object */;
			proxyType = 1;
			remoteGlobalIDString = A8B9E8EF244384C8004EE028;
			remoteInfo = stodo;
		};
		A8B9E912244384CA004EE028 /* PBXContainerItemProxy */ = {
			isa = PBXContainerItemProxy;
			containerPortal = A8B9E8E8244384C8004EE028 /* Project object */;
			proxyType = 1;
			remoteGlobalIDString = A8B9E8EF244384C8004EE028;
			remoteInfo = stodo;
		};
/* End PBXContainerItemProxy section */

/* Begin PBXFileReference section */
		1893301D86466C65B738617A /* Pods-stodo-stodoUITests.release.xcconfig */ = {isa = PBXFileReference; includeInIndex = 1; lastKnownFileType = text.xcconfig; name = "Pods-stodo-stodoUITests.release.xcconfig"; path = "Target Support Files/Pods-stodo-stodoUITests/Pods-stodo-stodoUITests.release.xcconfig"; sourceTree = "<group>"; };
		5236657382ED880822588D6F /* Pods-stodo.debug.xcconfig */ = {isa = PBXFileReference; includeInIndex = 1; lastKnownFileType = text.xcconfig; name = "Pods-stodo.debug.xcconfig"; path = "Target Support Files/Pods-stodo/Pods-stodo.debug.xcconfig"; sourceTree = "<group>"; };
		5434905B97AB4B14E2F3F392 /* Pods-stodo-stodoUITests.debug.xcconfig */ = {isa = PBXFileReference; includeInIndex = 1; lastKnownFileType = text.xcconfig; name = "Pods-stodo-stodoUITests.debug.xcconfig"; path = "Target Support Files/Pods-stodo-stodoUITests/Pods-stodo-stodoUITests.debug.xcconfig"; sourceTree = "<group>"; };
		7C9E8DDC685304F51C368F88 /* Pods-stodo.release.xcconfig */ = {isa = PBXFileReference; includeInIndex = 1; lastKnownFileType = text.xcconfig; name = "Pods-stodo.release.xcconfig"; path = "Target Support Files/Pods-stodo/Pods-stodo.release.xcconfig"; sourceTree = "<group>"; };
		80924571463C2C0C877A7C6B /* Pods-stodoTests.release.xcconfig */ = {isa = PBXFileReference; includeInIndex = 1; lastKnownFileType = text.xcconfig; name = "Pods-stodoTests.release.xcconfig"; path = "Target Support Files/Pods-stodoTests/Pods-stodoTests.release.xcconfig"; sourceTree = "<group>"; };
		9DBED0B6F0DE2E9D35C7053B /* Pods_stodo_stodoUITests.framework */ = {isa = PBXFileReference; explicitFileType = wrapper.framework; includeInIndex = 0; path = Pods_stodo_stodoUITests.framework; sourceTree = BUILT_PRODUCTS_DIR; };
		A6CFE2CA162DB243D86B8ECA /* Pods-stodoTests.debug.xcconfig */ = {isa = PBXFileReference; includeInIndex = 1; lastKnownFileType = text.xcconfig; name = "Pods-stodoTests.debug.xcconfig"; path = "Target Support Files/Pods-stodoTests/Pods-stodoTests.debug.xcconfig"; sourceTree = "<group>"; };
		A801ADF82443C4090078225D /* String+Data.swift */ = {isa = PBXFileReference; lastKnownFileType = sourcecode.swift; path = "String+Data.swift"; sourceTree = "<group>"; };
		A801ADFB2443C5510078225D /* Task.swift */ = {isa = PBXFileReference; lastKnownFileType = sourcecode.swift; path = Task.swift; sourceTree = "<group>"; };
		A801ADFD2443C55A0078225D /* List.swift */ = {isa = PBXFileReference; lastKnownFileType = sourcecode.swift; path = List.swift; sourceTree = "<group>"; };
		A801ADFF2443C5F20078225D /* ListsResponse.swift */ = {isa = PBXFileReference; lastKnownFileType = sourcecode.swift; path = ListsResponse.swift; sourceTree = "<group>"; };
		A801AE022443C8580078225D /* ListsViewController.swift */ = {isa = PBXFileReference; lastKnownFileType = sourcecode.swift; path = ListsViewController.swift; sourceTree = "<group>"; };
		A801AE032443C8580078225D /* ListsViewController.xib */ = {isa = PBXFileReference; lastKnownFileType = file.xib; path = ListsViewController.xib; sourceTree = "<group>"; };
		A82D58502443BD9F00B237F0 /* ListsAPI.swift */ = {isa = PBXFileReference; lastKnownFileType = sourcecode.swift; path = ListsAPI.swift; sourceTree = "<group>"; };
		A82D58522443BE3E00B237F0 /* Constants.swift */ = {isa = PBXFileReference; lastKnownFileType = sourcecode.swift; path = Constants.swift; sourceTree = "<group>"; };
		A83A2CBA2444E36E007C0BEB /* ListsServiceProtocol.swift */ = {isa = PBXFileReference; lastKnownFileType = sourcecode.swift; path = ListsServiceProtocol.swift; sourceTree = "<group>"; };
		A83A2CBC2444E37C007C0BEB /* ListsService.swift */ = {isa = PBXFileReference; lastKnownFileType = sourcecode.swift; path = ListsService.swift; sourceTree = "<group>"; };
		A83A2CBF2444E748007C0BEB /* LoadingDataError.swift */ = {isa = PBXFileReference; lastKnownFileType = sourcecode.swift; path = LoadingDataError.swift; sourceTree = "<group>"; };
		A886FF1424479C0100EBAF2F /* ListsDataSource.swift */ = {isa = PBXFileReference; lastKnownFileType = sourcecode.swift; path = ListsDataSource.swift; sourceTree = "<group>"; };
		A886FF1724479C8400EBAF2F /* ListsTableViewCell.swift */ = {isa = PBXFileReference; lastKnownFileType = sourcecode.swift; path = ListsTableViewCell.swift; sourceTree = "<group>"; };
		A886FF1824479C8400EBAF2F /* ListsTableViewCell.xib */ = {isa = PBXFileReference; lastKnownFileType = file.xib; path = ListsTableViewCell.xib; sourceTree = "<group>"; };
		A8B16A3B24479D1F00C0F5A4 /* UITableViewCell+Identifier.swift */ = {isa = PBXFileReference; lastKnownFileType = sourcecode.swift; path = "UITableViewCell+Identifier.swift"; sourceTree = "<group>"; };
		A8B16A3D2447A61C00C0F5A4 /* UiTableViewCell+Nib.swift */ = {isa = PBXFileReference; lastKnownFileType = sourcecode.swift; path = "UiTableViewCell+Nib.swift"; sourceTree = "<group>"; };
		A8B9E8F0244384C8004EE028 /* stodo.app */ = {isa = PBXFileReference; explicitFileType = wrapper.application; includeInIndex = 0; path = stodo.app; sourceTree = BUILT_PRODUCTS_DIR; };
		A8B9E8F3244384C8004EE028 /* AppDelegate.swift */ = {isa = PBXFileReference; lastKnownFileType = sourcecode.swift; path = AppDelegate.swift; sourceTree = "<group>"; };
		A8B9E8F7244384C8004EE028 /* ViewController.swift */ = {isa = PBXFileReference; lastKnownFileType = sourcecode.swift; path = ViewController.swift; sourceTree = "<group>"; };
		A8B9E8FC244384C9004EE028 /* Assets.xcassets */ = {isa = PBXFileReference; lastKnownFileType = folder.assetcatalog; path = Assets.xcassets; sourceTree = "<group>"; };
		A8B9E8FF244384C9004EE028 /* Base */ = {isa = PBXFileReference; lastKnownFileType = file.storyboard; name = Base; path = Base.lproj/LaunchScreen.storyboard; sourceTree = "<group>"; };
		A8B9E901244384C9004EE028 /* Info.plist */ = {isa = PBXFileReference; lastKnownFileType = text.plist.xml; path = Info.plist; sourceTree = "<group>"; };
		A8B9E906244384CA004EE028 /* stodoTests.xctest */ = {isa = PBXFileReference; explicitFileType = wrapper.cfbundle; includeInIndex = 0; path = stodoTests.xctest; sourceTree = BUILT_PRODUCTS_DIR; };
		A8B9E90A244384CA004EE028 /* stodoTests.swift */ = {isa = PBXFileReference; lastKnownFileType = sourcecode.swift; path = stodoTests.swift; sourceTree = "<group>"; };
		A8B9E90C244384CA004EE028 /* Info.plist */ = {isa = PBXFileReference; lastKnownFileType = text.plist.xml; path = Info.plist; sourceTree = "<group>"; };
		A8B9E911244384CA004EE028 /* stodoUITests.xctest */ = {isa = PBXFileReference; explicitFileType = wrapper.cfbundle; includeInIndex = 0; path = stodoUITests.xctest; sourceTree = BUILT_PRODUCTS_DIR; };
		A8B9E915244384CA004EE028 /* stodoUITests.swift */ = {isa = PBXFileReference; lastKnownFileType = sourcecode.swift; path = stodoUITests.swift; sourceTree = "<group>"; };
		A8B9E917244384CA004EE028 /* Info.plist */ = {isa = PBXFileReference; lastKnownFileType = text.plist.xml; path = Info.plist; sourceTree = "<group>"; };
		A8C54F8924477EA700F9EE13 /* ListsModuleInput.swift */ = {isa = PBXFileReference; lastKnownFileType = sourcecode.swift; path = ListsModuleInput.swift; sourceTree = "<group>"; };
		A8C54F8B24477EC900F9EE13 /* ListsModuleOutput.swift */ = {isa = PBXFileReference; lastKnownFileType = sourcecode.swift; path = ListsModuleOutput.swift; sourceTree = "<group>"; };
		A8C54F8D24477EE200F9EE13 /* ListsPresenter.swift */ = {isa = PBXFileReference; lastKnownFileType = sourcecode.swift; path = ListsPresenter.swift; sourceTree = "<group>"; };
		A8C54F8F24477F7F00F9EE13 /* ListsViewInput.swift */ = {isa = PBXFileReference; lastKnownFileType = sourcecode.swift; path = ListsViewInput.swift; sourceTree = "<group>"; };
		A8C54F9124477FC600F9EE13 /* ListsViewOutput.swift */ = {isa = PBXFileReference; lastKnownFileType = sourcecode.swift; path = ListsViewOutput.swift; sourceTree = "<group>"; };
		A8C54F93244781B100F9EE13 /* ListsConfigurator.swift */ = {isa = PBXFileReference; lastKnownFileType = sourcecode.swift; path = ListsConfigurator.swift; sourceTree = "<group>"; };
		A8C54F9A2447829800F9EE13 /* ListsConfiguratorTests.swift */ = {isa = PBXFileReference; lastKnownFileType = sourcecode.swift; path = ListsConfiguratorTests.swift; sourceTree = "<group>"; };
		A8C54F9D2447885C00F9EE13 /* ListsRouterInput.swift */ = {isa = PBXFileReference; lastKnownFileType = sourcecode.swift; path = ListsRouterInput.swift; sourceTree = "<group>"; };
		A8C54F9F2447887800F9EE13 /* ListsRouter.swift */ = {isa = PBXFileReference; lastKnownFileType = sourcecode.swift; path = ListsRouter.swift; sourceTree = "<group>"; };
		A8C54FA2244788E600F9EE13 /* ModuleTransitionable.swift */ = {isa = PBXFileReference; lastKnownFileType = sourcecode.swift; path = ModuleTransitionable.swift; sourceTree = "<group>"; };
		A8F0E45D244B1E3600EC5830 /* Assets.xcassets */ = {isa = PBXFileReference; lastKnownFileType = folder.assetcatalog; path = Assets.xcassets; sourceTree = "<group>"; };
		A8F0E463244B21DF00EC5830 /* AddListModuleOutput.swift */ = {isa = PBXFileReference; lastKnownFileType = sourcecode.swift; path = AddListModuleOutput.swift; sourceTree = "<group>"; };
		A8F0E465244B21F200EC5830 /* AddListPresenter.swift */ = {isa = PBXFileReference; lastKnownFileType = sourcecode.swift; path = AddListPresenter.swift; sourceTree = "<group>"; };
		A8F0E468244B222800EC5830 /* AddListViewController.swift */ = {isa = PBXFileReference; lastKnownFileType = sourcecode.swift; path = AddListViewController.swift; sourceTree = "<group>"; };
		A8F0E469244B222800EC5830 /* AddListViewController.xib */ = {isa = PBXFileReference; lastKnownFileType = file.xib; path = AddListViewController.xib; sourceTree = "<group>"; };
		A8F0E46E244B224C00EC5830 /* AddListViewOutput.swift */ = {isa = PBXFileReference; lastKnownFileType = sourcecode.swift; path = AddListViewOutput.swift; sourceTree = "<group>"; };
		A8F0E472244B239100EC5830 /* AddListConfigurator.swift */ = {isa = PBXFileReference; lastKnownFileType = sourcecode.swift; path = AddListConfigurator.swift; sourceTree = "<group>"; };
		A8F0E478244B2F6E00EC5830 /* Assets.xcassets */ = {isa = PBXFileReference; lastKnownFileType = folder.assetcatalog; path = Assets.xcassets; sourceTree = "<group>"; };
		A8F0E47A244B35C300EC5830 /* UITextField+Done.swift */ = {isa = PBXFileReference; lastKnownFileType = sourcecode.swift; path = "UITextField+Done.swift"; sourceTree = "<group>"; };
		A8F0E47C244B376100EC5830 /* UITextView+Done.swift */ = {isa = PBXFileReference; lastKnownFileType = sourcecode.swift; path = "UITextView+Done.swift"; sourceTree = "<group>"; };
		A8F0E47E244B384B00EC5830 /* UIColor+hex.swift */ = {isa = PBXFileReference; lastKnownFileType = sourcecode.swift; path = "UIColor+hex.swift"; sourceTree = "<group>"; };
		A8F0E480244B39CD00EC5830 /* AddListViewInput.swift */ = {isa = PBXFileReference; lastKnownFileType = sourcecode.swift; path = AddListViewInput.swift; sourceTree = "<group>"; };
		A8F0E483244B3F1800EC5830 /* AddListRouterInput.swift */ = {isa = PBXFileReference; lastKnownFileType = sourcecode.swift; path = AddListRouterInput.swift; sourceTree = "<group>"; };
		A8F0E485244B3F2E00EC5830 /* AddListRouter.swift */ = {isa = PBXFileReference; lastKnownFileType = sourcecode.swift; path = AddListRouter.swift; sourceTree = "<group>"; };
		A8F0E487244B4FC000EC5830 /* ListsDataSourceOutput.swift */ = {isa = PBXFileReference; lastKnownFileType = sourcecode.swift; path = ListsDataSourceOutput.swift; sourceTree = "<group>"; };
		A8F0E48B244B519700EC5830 /* Assets.xcassets */ = {isa = PBXFileReference; lastKnownFileType = folder.assetcatalog; path = Assets.xcassets; sourceTree = "<group>"; };
		A8F0E48E244B51F900EC5830 /* TasksViewController.swift */ = {isa = PBXFileReference; lastKnownFileType = sourcecode.swift; path = TasksViewController.swift; sourceTree = "<group>"; };
		A8F0E48F244B51F900EC5830 /* TasksViewController.xib */ = {isa = PBXFileReference; lastKnownFileType = file.xib; path = TasksViewController.xib; sourceTree = "<group>"; };
		A8F0E492244B521500EC5830 /* TasksViewInput.swift */ = {isa = PBXFileReference; lastKnownFileType = sourcecode.swift; path = TasksViewInput.swift; sourceTree = "<group>"; };
		A8F0E494244B524100EC5830 /* TasksViewOutput.swift */ = {isa = PBXFileReference; lastKnownFileType = sourcecode.swift; path = TasksViewOutput.swift; sourceTree = "<group>"; };
		A8F0E498244B528900EC5830 /* TasksPresenter.swift */ = {isa = PBXFileReference; lastKnownFileType = sourcecode.swift; path = TasksPresenter.swift; sourceTree = "<group>"; };
		A8F0E49A244B52A400EC5830 /* TasksModuleInput.swift */ = {isa = PBXFileReference; lastKnownFileType = sourcecode.swift; path = TasksModuleInput.swift; sourceTree = "<group>"; };
		A8F0E49C244B52BA00EC5830 /* TasksModuleOutput.swift */ = {isa = PBXFileReference; lastKnownFileType = sourcecode.swift; path = TasksModuleOutput.swift; sourceTree = "<group>"; };
		A8F0E49F244B537B00EC5830 /* TasksRouterInput.swift */ = {isa = PBXFileReference; lastKnownFileType = sourcecode.swift; path = TasksRouterInput.swift; sourceTree = "<group>"; };
		A8F0E4A1244B538F00EC5830 /* TasksRouter.swift */ = {isa = PBXFileReference; lastKnownFileType = sourcecode.swift; path = TasksRouter.swift; sourceTree = "<group>"; };
		A8F0E4A4244B548D00EC5830 /* TasksConfigurator.swift */ = {isa = PBXFileReference; lastKnownFileType = sourcecode.swift; path = TasksConfigurator.swift; sourceTree = "<group>"; };
		A8F0E4A7244B996C00EC5830 /* TaskTableViewCell.swift */ = {isa = PBXFileReference; lastKnownFileType = sourcecode.swift; path = TaskTableViewCell.swift; sourceTree = "<group>"; };
		A8F0E4A8244B996C00EC5830 /* TaskTableViewCell.xib */ = {isa = PBXFileReference; lastKnownFileType = file.xib; path = TaskTableViewCell.xib; sourceTree = "<group>"; };
		A8F0E4AB244BAD7500EC5830 /* TasksDataSource.swift */ = {isa = PBXFileReference; lastKnownFileType = sourcecode.swift; path = TasksDataSource.swift; sourceTree = "<group>"; };
		A8F0E4AD244C8C6E00EC5830 /* TasksTableViewHeader.swift */ = {isa = PBXFileReference; lastKnownFileType = sourcecode.swift; path = TasksTableViewHeader.swift; sourceTree = "<group>"; };
		A8F0E4AF244C8F5400EC5830 /* UITableViewHeaderFooterView+Identifier.swift */ = {isa = PBXFileReference; lastKnownFileType = sourcecode.swift; path = "UITableViewHeaderFooterView+Identifier.swift"; sourceTree = "<group>"; };
		BFAE8BCBF5A27961AD9AA5FC /* Pods_stodo.framework */ = {isa = PBXFileReference; explicitFileType = wrapper.framework; includeInIndex = 0; path = Pods_stodo.framework; sourceTree = BUILT_PRODUCTS_DIR; };
		CBD38D43AF365C38E8DABDFF /* Pods_stodoTests.framework */ = {isa = PBXFileReference; explicitFileType = wrapper.framework; includeInIndex = 0; path = Pods_stodoTests.framework; sourceTree = BUILT_PRODUCTS_DIR; };
/* End PBXFileReference section */

/* Begin PBXFrameworksBuildPhase section */
		A8B9E8ED244384C8004EE028 /* Frameworks */ = {
			isa = PBXFrameworksBuildPhase;
			buildActionMask = 2147483647;
			files = (
				FF27F1BAF72F42C1501E09A5 /* Pods_stodo.framework in Frameworks */,
			);
			runOnlyForDeploymentPostprocessing = 0;
		};
		A8B9E903244384CA004EE028 /* Frameworks */ = {
			isa = PBXFrameworksBuildPhase;
			buildActionMask = 2147483647;
			files = (
				275CDD6A4F0260EA25B57850 /* Pods_stodoTests.framework in Frameworks */,
			);
			runOnlyForDeploymentPostprocessing = 0;
		};
		A8B9E90E244384CA004EE028 /* Frameworks */ = {
			isa = PBXFrameworksBuildPhase;
			buildActionMask = 2147483647;
			files = (
				0008E92F550F0EF11A062D9C /* Pods_stodo_stodoUITests.framework in Frameworks */,
			);
			runOnlyForDeploymentPostprocessing = 0;
		};
/* End PBXFrameworksBuildPhase section */

/* Begin PBXGroup section */
		965AB62323171A5E1AB197DD /* Frameworks */ = {
			isa = PBXGroup;
			children = (
				BFAE8BCBF5A27961AD9AA5FC /* Pods_stodo.framework */,
				9DBED0B6F0DE2E9D35C7053B /* Pods_stodo_stodoUITests.framework */,
				CBD38D43AF365C38E8DABDFF /* Pods_stodoTests.framework */,
			);
			name = Frameworks;
			sourceTree = "<group>";
		};
		A801ADF62443C3F70078225D /* Library */ = {
			isa = PBXGroup;
			children = (
				A8C54FA1244788D300F9EE13 /* Protocols */,
				A83A2CC62444F39B007C0BEB /* Errors */,
				A801ADF72443C3FD0078225D /* Extensions */,
			);
			path = Library;
			sourceTree = "<group>";
		};
		A801ADF72443C3FD0078225D /* Extensions */ = {
			isa = PBXGroup;
			children = (
				A801ADF82443C4090078225D /* String+Data.swift */,
				A8B16A3B24479D1F00C0F5A4 /* UITableViewCell+Identifier.swift */,
				A8B16A3D2447A61C00C0F5A4 /* UiTableViewCell+Nib.swift */,
				A8F0E4AF244C8F5400EC5830 /* UITableViewHeaderFooterView+Identifier.swift */,
				A8F0E47A244B35C300EC5830 /* UITextField+Done.swift */,
				A8F0E47C244B376100EC5830 /* UITextView+Done.swift */,
				A8F0E47E244B384B00EC5830 /* UIColor+hex.swift */,
			);
			path = Extensions;
			sourceTree = "<group>";
		};
		A801ADFA2443C5470078225D /* Model */ = {
			isa = PBXGroup;
			children = (
				A801ADFF2443C5F20078225D /* ListsResponse.swift */,
				A82D584F2443BD8E00B237F0 /* Network */,
				A8C54F8724477E1500F9EE13 /* Service */,
			);
			path = Model;
			sourceTree = "<group>";
		};
		A801AE012443C80A0078225D /* View */ = {
			isa = PBXGroup;
			children = (
				A886FF1624479C3F00EBAF2F /* tableView */,
				A8C54F8F24477F7F00F9EE13 /* ListsViewInput.swift */,
				A8C54F9124477FC600F9EE13 /* ListsViewOutput.swift */,
				A801AE022443C8580078225D /* ListsViewController.swift */,
				A801AE032443C8580078225D /* ListsViewController.xib */,
			);
			path = View;
			sourceTree = "<group>";
		};
		A82D584F2443BD8E00B237F0 /* Network */ = {
			isa = PBXGroup;
			children = (
				A82D58502443BD9F00B237F0 /* ListsAPI.swift */,
			);
			path = Network;
			sourceTree = "<group>";
		};
		A83A2CC62444F39B007C0BEB /* Errors */ = {
			isa = PBXGroup;
			children = (
				A83A2CBF2444E748007C0BEB /* LoadingDataError.swift */,
			);
			path = Errors;
			sourceTree = "<group>";
		};
		A886FF1624479C3F00EBAF2F /* tableView */ = {
			isa = PBXGroup;
			children = (
				A8F0E487244B4FC000EC5830 /* ListsDataSourceOutput.swift */,
				A886FF1424479C0100EBAF2F /* ListsDataSource.swift */,
				A886FF1724479C8400EBAF2F /* ListsTableViewCell.swift */,
				A886FF1824479C8400EBAF2F /* ListsTableViewCell.xib */,
			);
			path = tableView;
			sourceTree = "<group>";
		};
		A89B2E982443950C0042983E /* User Stories */ = {
			isa = PBXGroup;
			children = (
				A8F0E45F244B217800EC5830 /* AddList */,
				A89B2E992443951B0042983E /* Lists */,
				A8F0E489244B515E00EC5830 /* Tasks */,
			);
			path = "User Stories";
			sourceTree = "<group>";
		};
		A89B2E992443951B0042983E /* Lists */ = {
			isa = PBXGroup;
			children = (
				A8F0E45C244B1E1700EC5830 /* Resources */,
				A8C54F8524477D8600F9EE13 /* Configurator */,
				A8C54F9C2447883C00F9EE13 /* Router */,
				A801ADFA2443C5470078225D /* Model */,
				A8C54F8624477DCE00F9EE13 /* Presenter */,
				A801AE012443C80A0078225D /* View */,
			);
			path = Lists;
			sourceTree = "<group>";
		};
		A89B2E9A2443B6720042983E /* Main */ = {
			isa = PBXGroup;
			children = (
				A8B9E901244384C9004EE028 /* Info.plist */,
				A8B9E8F3244384C8004EE028 /* AppDelegate.swift */,
				A8B9E8F7244384C8004EE028 /* ViewController.swift */,
				A8B9E8FE244384C9004EE028 /* LaunchScreen.storyboard */,
				A8B9E8FC244384C9004EE028 /* Assets.xcassets */,
				A82D58522443BE3E00B237F0 /* Constants.swift */,
			);
			path = Main;
			sourceTree = "<group>";
		};
		A8B9E8E7244384C8004EE028 = {
			isa = PBXGroup;
			children = (
				A8B9E8F2244384C8004EE028 /* stodo */,
				A8B9E909244384CA004EE028 /* stodoTests */,
				A8B9E914244384CA004EE028 /* stodoUITests */,
				A8B9E8F1244384C8004EE028 /* Products */,
				E56D92E7E793A4058E5903B5 /* Pods */,
				965AB62323171A5E1AB197DD /* Frameworks */,
			);
			sourceTree = "<group>";
		};
		A8B9E8F1244384C8004EE028 /* Products */ = {
			isa = PBXGroup;
			children = (
				A8B9E8F0244384C8004EE028 /* stodo.app */,
				A8B9E906244384CA004EE028 /* stodoTests.xctest */,
				A8B9E911244384CA004EE028 /* stodoUITests.xctest */,
			);
			name = Products;
			sourceTree = "<group>";
		};
		A8B9E8F2244384C8004EE028 /* stodo */ = {
			isa = PBXGroup;
			children = (
				A801ADF62443C3F70078225D /* Library */,
				A89B2E9A2443B6720042983E /* Main */,
				A8F0E476244B2B4E00EC5830 /* Models */,
				A89B2E982443950C0042983E /* User Stories */,
			);
			path = stodo;
			sourceTree = "<group>";
		};
		A8B9E909244384CA004EE028 /* stodoTests */ = {
			isa = PBXGroup;
			children = (
				A8C54F952447822600F9EE13 /* UserStories */,
				A8B9E90A244384CA004EE028 /* stodoTests.swift */,
				A8B9E90C244384CA004EE028 /* Info.plist */,
			);
			path = stodoTests;
			sourceTree = "<group>";
		};
		A8B9E914244384CA004EE028 /* stodoUITests */ = {
			isa = PBXGroup;
			children = (
				A8B9E915244384CA004EE028 /* stodoUITests.swift */,
				A8B9E917244384CA004EE028 /* Info.plist */,
			);
			path = stodoUITests;
			sourceTree = "<group>";
		};
		A8C54F8524477D8600F9EE13 /* Configurator */ = {
			isa = PBXGroup;
			children = (
				A8C54F93244781B100F9EE13 /* ListsConfigurator.swift */,
			);
			path = Configurator;
			sourceTree = "<group>";
		};
		A8C54F8624477DCE00F9EE13 /* Presenter */ = {
			isa = PBXGroup;
			children = (
				A8C54F8924477EA700F9EE13 /* ListsModuleInput.swift */,
				A8C54F8B24477EC900F9EE13 /* ListsModuleOutput.swift */,
				A8C54F8D24477EE200F9EE13 /* ListsPresenter.swift */,
			);
			path = Presenter;
			sourceTree = "<group>";
		};
		A8C54F8724477E1500F9EE13 /* Service */ = {
			isa = PBXGroup;
			children = (
				A83A2CBA2444E36E007C0BEB /* ListsServiceProtocol.swift */,
				A83A2CBC2444E37C007C0BEB /* ListsService.swift */,
			);
			path = Service;
			sourceTree = "<group>";
		};
		A8C54F952447822600F9EE13 /* UserStories */ = {
			isa = PBXGroup;
			children = (
				A8C54F982447824F00F9EE13 /* Lists */,
			);
			path = UserStories;
			sourceTree = "<group>";
		};
		A8C54F982447824F00F9EE13 /* Lists */ = {
			isa = PBXGroup;
			children = (
				A8C54F992447826800F9EE13 /* Configurator */,
			);
			path = Lists;
			sourceTree = "<group>";
		};
		A8C54F992447826800F9EE13 /* Configurator */ = {
			isa = PBXGroup;
			children = (
				A8C54F9A2447829800F9EE13 /* ListsConfiguratorTests.swift */,
			);
			path = Configurator;
			sourceTree = "<group>";
		};
		A8C54F9C2447883C00F9EE13 /* Router */ = {
			isa = PBXGroup;
			children = (
				A8C54F9D2447885C00F9EE13 /* ListsRouterInput.swift */,
				A8C54F9F2447887800F9EE13 /* ListsRouter.swift */,
			);
			path = Router;
			sourceTree = "<group>";
		};
		A8C54FA1244788D300F9EE13 /* Protocols */ = {
			isa = PBXGroup;
			children = (
				A8C54FA2244788E600F9EE13 /* ModuleTransitionable.swift */,
			);
			path = Protocols;
			sourceTree = "<group>";
		};
		A8F0E45C244B1E1700EC5830 /* Resources */ = {
			isa = PBXGroup;
			children = (
				A8F0E45D244B1E3600EC5830 /* Assets.xcassets */,
			);
			path = Resources;
			sourceTree = "<group>";
		};
		A8F0E45F244B217800EC5830 /* AddList */ = {
			isa = PBXGroup;
			children = (
				A8F0E477244B2F5E00EC5830 /* Resources */,
				A8F0E471244B238200EC5830 /* Configurator */,
				A8F0E482244B3F0500EC5830 /* Router */,
				A8F0E460244B219100EC5830 /* Presenter */,
				A8F0E467244B221000EC5830 /* view */,
			);
			path = AddList;
			sourceTree = "<group>";
		};
		A8F0E460244B219100EC5830 /* Presenter */ = {
			isa = PBXGroup;
			children = (
				A8F0E463244B21DF00EC5830 /* AddListModuleOutput.swift */,
				A8F0E465244B21F200EC5830 /* AddListPresenter.swift */,
			);
			path = Presenter;
			sourceTree = "<group>";
		};
		A8F0E467244B221000EC5830 /* view */ = {
			isa = PBXGroup;
			children = (
				A8F0E480244B39CD00EC5830 /* AddListViewInput.swift */,
				A8F0E46E244B224C00EC5830 /* AddListViewOutput.swift */,
				A8F0E468244B222800EC5830 /* AddListViewController.swift */,
				A8F0E469244B222800EC5830 /* AddListViewController.xib */,
			);
			path = view;
			sourceTree = "<group>";
		};
		A8F0E471244B238200EC5830 /* Configurator */ = {
			isa = PBXGroup;
			children = (
				A8F0E472244B239100EC5830 /* AddListConfigurator.swift */,
			);
			path = Configurator;
			sourceTree = "<group>";
		};
		A8F0E476244B2B4E00EC5830 /* Models */ = {
			isa = PBXGroup;
			children = (
				A801ADFB2443C5510078225D /* Task.swift */,
				A801ADFD2443C55A0078225D /* List.swift */,
			);
			path = Models;
			sourceTree = "<group>";
		};
		A8F0E477244B2F5E00EC5830 /* Resources */ = {
			isa = PBXGroup;
			children = (
				A8F0E478244B2F6E00EC5830 /* Assets.xcassets */,
			);
			path = Resources;
			sourceTree = "<group>";
		};
		A8F0E482244B3F0500EC5830 /* Router */ = {
			isa = PBXGroup;
			children = (
				A8F0E483244B3F1800EC5830 /* AddListRouterInput.swift */,
				A8F0E485244B3F2E00EC5830 /* AddListRouter.swift */,
			);
			path = Router;
			sourceTree = "<group>";
		};
		A8F0E489244B515E00EC5830 /* Tasks */ = {
			isa = PBXGroup;
			children = (
				A8F0E48A244B518B00EC5830 /* Resources */,
				A8F0E4A3244B547600EC5830 /* Configurator */,
				A8F0E49E244B536B00EC5830 /* Router */,
				A8F0E497244B527C00EC5830 /* Presenter */,
				A8F0E48D244B51E400EC5830 /* view */,
			);
			path = Tasks;
			sourceTree = "<group>";
		};
		A8F0E48A244B518B00EC5830 /* Resources */ = {
			isa = PBXGroup;
			children = (
				A8F0E48B244B519700EC5830 /* Assets.xcassets */,
			);
			path = Resources;
			sourceTree = "<group>";
		};
		A8F0E48D244B51E400EC5830 /* view */ = {
			isa = PBXGroup;
			children = (
				A8F0E4A6244B995500EC5830 /* tableView */,
				A8F0E492244B521500EC5830 /* TasksViewInput.swift */,
				A8F0E494244B524100EC5830 /* TasksViewOutput.swift */,
				A8F0E48E244B51F900EC5830 /* TasksViewController.swift */,
				A8F0E48F244B51F900EC5830 /* TasksViewController.xib */,
			);
			path = view;
			sourceTree = "<group>";
		};
		A8F0E497244B527C00EC5830 /* Presenter */ = {
			isa = PBXGroup;
			children = (
				A8F0E49A244B52A400EC5830 /* TasksModuleInput.swift */,
				A8F0E49C244B52BA00EC5830 /* TasksModuleOutput.swift */,
				A8F0E498244B528900EC5830 /* TasksPresenter.swift */,
			);
			path = Presenter;
			sourceTree = "<group>";
		};
		A8F0E49E244B536B00EC5830 /* Router */ = {
			isa = PBXGroup;
			children = (
				A8F0E49F244B537B00EC5830 /* TasksRouterInput.swift */,
				A8F0E4A1244B538F00EC5830 /* TasksRouter.swift */,
			);
			path = Router;
			sourceTree = "<group>";
		};
		A8F0E4A3244B547600EC5830 /* Configurator */ = {
			isa = PBXGroup;
			children = (
				A8F0E4A4244B548D00EC5830 /* TasksConfigurator.swift */,
			);
			path = Configurator;
			sourceTree = "<group>";
		};
		A8F0E4A6244B995500EC5830 /* tableView */ = {
			isa = PBXGroup;
			children = (
				A8F0E4A7244B996C00EC5830 /* TaskTableViewCell.swift */,
				A8F0E4A8244B996C00EC5830 /* TaskTableViewCell.xib */,
				A8F0E4AD244C8C6E00EC5830 /* TasksTableViewHeader.swift */,
				A8F0E4AB244BAD7500EC5830 /* TasksDataSource.swift */,
			);
			path = tableView;
			sourceTree = "<group>";
		};
		E56D92E7E793A4058E5903B5 /* Pods */ = {
			isa = PBXGroup;
			children = (
				5236657382ED880822588D6F /* Pods-stodo.debug.xcconfig */,
				7C9E8DDC685304F51C368F88 /* Pods-stodo.release.xcconfig */,
				5434905B97AB4B14E2F3F392 /* Pods-stodo-stodoUITests.debug.xcconfig */,
				1893301D86466C65B738617A /* Pods-stodo-stodoUITests.release.xcconfig */,
				A6CFE2CA162DB243D86B8ECA /* Pods-stodoTests.debug.xcconfig */,
				80924571463C2C0C877A7C6B /* Pods-stodoTests.release.xcconfig */,
			);
			path = Pods;
			sourceTree = "<group>";
		};
/* End PBXGroup section */

/* Begin PBXNativeTarget section */
		A8B9E8EF244384C8004EE028 /* stodo */ = {
			isa = PBXNativeTarget;
			buildConfigurationList = A8B9E91A244384CA004EE028 /* Build configuration list for PBXNativeTarget "stodo" */;
			buildPhases = (
				DD1DB4ACC372F57857285D09 /* [CP] Check Pods Manifest.lock */,
				A8B9E8EC244384C8004EE028 /* Sources */,
				A8B9E8ED244384C8004EE028 /* Frameworks */,
				A8B9E8EE244384C8004EE028 /* Resources */,
				0781DAC31CD3317F1923D4CD /* [CP] Embed Pods Frameworks */,
			);
			buildRules = (
			);
			dependencies = (
			);
			name = stodo;
			productName = stodo;
			productReference = A8B9E8F0244384C8004EE028 /* stodo.app */;
			productType = "com.apple.product-type.application";
		};
		A8B9E905244384CA004EE028 /* stodoTests */ = {
			isa = PBXNativeTarget;
			buildConfigurationList = A8B9E91D244384CA004EE028 /* Build configuration list for PBXNativeTarget "stodoTests" */;
			buildPhases = (
				8DC9290BAEB8A7E16738741E /* [CP] Check Pods Manifest.lock */,
				A8B9E902244384CA004EE028 /* Sources */,
				A8B9E903244384CA004EE028 /* Frameworks */,
				A8B9E904244384CA004EE028 /* Resources */,
			);
			buildRules = (
			);
			dependencies = (
				A8B9E908244384CA004EE028 /* PBXTargetDependency */,
			);
			name = stodoTests;
			productName = stodoTests;
			productReference = A8B9E906244384CA004EE028 /* stodoTests.xctest */;
			productType = "com.apple.product-type.bundle.unit-test";
		};
		A8B9E910244384CA004EE028 /* stodoUITests */ = {
			isa = PBXNativeTarget;
			buildConfigurationList = A8B9E920244384CA004EE028 /* Build configuration list for PBXNativeTarget "stodoUITests" */;
			buildPhases = (
				35806B1A4B19CEC1C88F2F2E /* [CP] Check Pods Manifest.lock */,
				A8B9E90D244384CA004EE028 /* Sources */,
				A8B9E90E244384CA004EE028 /* Frameworks */,
				A8B9E90F244384CA004EE028 /* Resources */,
				627974BE87C12BFBB1B4563C /* [CP] Embed Pods Frameworks */,
			);
			buildRules = (
			);
			dependencies = (
				A8B9E913244384CA004EE028 /* PBXTargetDependency */,
			);
			name = stodoUITests;
			productName = stodoUITests;
			productReference = A8B9E911244384CA004EE028 /* stodoUITests.xctest */;
			productType = "com.apple.product-type.bundle.ui-testing";
		};
/* End PBXNativeTarget section */

/* Begin PBXProject section */
		A8B9E8E8244384C8004EE028 /* Project object */ = {
			isa = PBXProject;
			attributes = {
				LastSwiftUpdateCheck = 1140;
				LastUpgradeCheck = 1140;
				ORGANIZATIONNAME = "clean-code.club";
				TargetAttributes = {
					A8B9E8EF244384C8004EE028 = {
						CreatedOnToolsVersion = 11.4;
					};
					A8B9E905244384CA004EE028 = {
						CreatedOnToolsVersion = 11.4;
						TestTargetID = A8B9E8EF244384C8004EE028;
					};
					A8B9E910244384CA004EE028 = {
						CreatedOnToolsVersion = 11.4;
						TestTargetID = A8B9E8EF244384C8004EE028;
					};
				};
			};
			buildConfigurationList = A8B9E8EB244384C8004EE028 /* Build configuration list for PBXProject "stodo" */;
			compatibilityVersion = "Xcode 9.3";
			developmentRegion = en;
			hasScannedForEncodings = 0;
			knownRegions = (
				en,
				Base,
			);
			mainGroup = A8B9E8E7244384C8004EE028;
			productRefGroup = A8B9E8F1244384C8004EE028 /* Products */;
			projectDirPath = "";
			projectRoot = "";
			targets = (
				A8B9E8EF244384C8004EE028 /* stodo */,
				A8B9E905244384CA004EE028 /* stodoTests */,
				A8B9E910244384CA004EE028 /* stodoUITests */,
			);
		};
/* End PBXProject section */

/* Begin PBXResourcesBuildPhase section */
		A8B9E8EE244384C8004EE028 /* Resources */ = {
			isa = PBXResourcesBuildPhase;
			buildActionMask = 2147483647;
			files = (
				A8B9E900244384C9004EE028 /* LaunchScreen.storyboard in Resources */,
				A886FF1A24479C8400EBAF2F /* ListsTableViewCell.xib in Resources */,
				A8F0E46B244B222800EC5830 /* AddListViewController.xib in Resources */,
				A8B9E8FD244384C9004EE028 /* Assets.xcassets in Resources */,
				A8F0E4AA244B996C00EC5830 /* TaskTableViewCell.xib in Resources */,
				A8F0E479244B2F6E00EC5830 /* Assets.xcassets in Resources */,
				A8F0E491244B51F900EC5830 /* TasksViewController.xib in Resources */,
				A801AE052443C8580078225D /* ListsViewController.xib in Resources */,
				A8F0E48C244B519700EC5830 /* Assets.xcassets in Resources */,
				A8F0E45E244B1E3600EC5830 /* Assets.xcassets in Resources */,
			);
			runOnlyForDeploymentPostprocessing = 0;
		};
		A8B9E904244384CA004EE028 /* Resources */ = {
			isa = PBXResourcesBuildPhase;
			buildActionMask = 2147483647;
			files = (
			);
			runOnlyForDeploymentPostprocessing = 0;
		};
		A8B9E90F244384CA004EE028 /* Resources */ = {
			isa = PBXResourcesBuildPhase;
			buildActionMask = 2147483647;
			files = (
			);
			runOnlyForDeploymentPostprocessing = 0;
		};
/* End PBXResourcesBuildPhase section */

/* Begin PBXShellScriptBuildPhase section */
		0781DAC31CD3317F1923D4CD /* [CP] Embed Pods Frameworks */ = {
			isa = PBXShellScriptBuildPhase;
			buildActionMask = 2147483647;
			files = (
			);
			inputFileListPaths = (
				"${PODS_ROOT}/Target Support Files/Pods-stodo/Pods-stodo-frameworks-${CONFIGURATION}-input-files.xcfilelist",
			);
			name = "[CP] Embed Pods Frameworks";
			outputFileListPaths = (
				"${PODS_ROOT}/Target Support Files/Pods-stodo/Pods-stodo-frameworks-${CONFIGURATION}-output-files.xcfilelist",
			);
			runOnlyForDeploymentPostprocessing = 0;
			shellPath = /bin/sh;
			shellScript = "\"${PODS_ROOT}/Target Support Files/Pods-stodo/Pods-stodo-frameworks.sh\"\n";
			showEnvVarsInLog = 0;
		};
		35806B1A4B19CEC1C88F2F2E /* [CP] Check Pods Manifest.lock */ = {
			isa = PBXShellScriptBuildPhase;
			buildActionMask = 2147483647;
			files = (
			);
			inputFileListPaths = (
			);
			inputPaths = (
				"${PODS_PODFILE_DIR_PATH}/Podfile.lock",
				"${PODS_ROOT}/Manifest.lock",
			);
			name = "[CP] Check Pods Manifest.lock";
			outputFileListPaths = (
			);
			outputPaths = (
				"$(DERIVED_FILE_DIR)/Pods-stodo-stodoUITests-checkManifestLockResult.txt",
			);
			runOnlyForDeploymentPostprocessing = 0;
			shellPath = /bin/sh;
			shellScript = "diff \"${PODS_PODFILE_DIR_PATH}/Podfile.lock\" \"${PODS_ROOT}/Manifest.lock\" > /dev/null\nif [ $? != 0 ] ; then\n    # print error to STDERR\n    echo \"error: The sandbox is not in sync with the Podfile.lock. Run 'pod install' or update your CocoaPods installation.\" >&2\n    exit 1\nfi\n# This output is used by Xcode 'outputs' to avoid re-running this script phase.\necho \"SUCCESS\" > \"${SCRIPT_OUTPUT_FILE_0}\"\n";
			showEnvVarsInLog = 0;
		};
		627974BE87C12BFBB1B4563C /* [CP] Embed Pods Frameworks */ = {
			isa = PBXShellScriptBuildPhase;
			buildActionMask = 2147483647;
			files = (
			);
			inputFileListPaths = (
				"${PODS_ROOT}/Target Support Files/Pods-stodo-stodoUITests/Pods-stodo-stodoUITests-frameworks-${CONFIGURATION}-input-files.xcfilelist",
			);
			name = "[CP] Embed Pods Frameworks";
			outputFileListPaths = (
				"${PODS_ROOT}/Target Support Files/Pods-stodo-stodoUITests/Pods-stodo-stodoUITests-frameworks-${CONFIGURATION}-output-files.xcfilelist",
			);
			runOnlyForDeploymentPostprocessing = 0;
			shellPath = /bin/sh;
			shellScript = "\"${PODS_ROOT}/Target Support Files/Pods-stodo-stodoUITests/Pods-stodo-stodoUITests-frameworks.sh\"\n";
			showEnvVarsInLog = 0;
		};
		8DC9290BAEB8A7E16738741E /* [CP] Check Pods Manifest.lock */ = {
			isa = PBXShellScriptBuildPhase;
			buildActionMask = 2147483647;
			files = (
			);
			inputFileListPaths = (
			);
			inputPaths = (
				"${PODS_PODFILE_DIR_PATH}/Podfile.lock",
				"${PODS_ROOT}/Manifest.lock",
			);
			name = "[CP] Check Pods Manifest.lock";
			outputFileListPaths = (
			);
			outputPaths = (
				"$(DERIVED_FILE_DIR)/Pods-stodoTests-checkManifestLockResult.txt",
			);
			runOnlyForDeploymentPostprocessing = 0;
			shellPath = /bin/sh;
			shellScript = "diff \"${PODS_PODFILE_DIR_PATH}/Podfile.lock\" \"${PODS_ROOT}/Manifest.lock\" > /dev/null\nif [ $? != 0 ] ; then\n    # print error to STDERR\n    echo \"error: The sandbox is not in sync with the Podfile.lock. Run 'pod install' or update your CocoaPods installation.\" >&2\n    exit 1\nfi\n# This output is used by Xcode 'outputs' to avoid re-running this script phase.\necho \"SUCCESS\" > \"${SCRIPT_OUTPUT_FILE_0}\"\n";
			showEnvVarsInLog = 0;
		};
		DD1DB4ACC372F57857285D09 /* [CP] Check Pods Manifest.lock */ = {
			isa = PBXShellScriptBuildPhase;
			buildActionMask = 2147483647;
			files = (
			);
			inputFileListPaths = (
			);
			inputPaths = (
				"${PODS_PODFILE_DIR_PATH}/Podfile.lock",
				"${PODS_ROOT}/Manifest.lock",
			);
			name = "[CP] Check Pods Manifest.lock";
			outputFileListPaths = (
			);
			outputPaths = (
				"$(DERIVED_FILE_DIR)/Pods-stodo-checkManifestLockResult.txt",
			);
			runOnlyForDeploymentPostprocessing = 0;
			shellPath = /bin/sh;
			shellScript = "diff \"${PODS_PODFILE_DIR_PATH}/Podfile.lock\" \"${PODS_ROOT}/Manifest.lock\" > /dev/null\nif [ $? != 0 ] ; then\n    # print error to STDERR\n    echo \"error: The sandbox is not in sync with the Podfile.lock. Run 'pod install' or update your CocoaPods installation.\" >&2\n    exit 1\nfi\n# This output is used by Xcode 'outputs' to avoid re-running this script phase.\necho \"SUCCESS\" > \"${SCRIPT_OUTPUT_FILE_0}\"\n";
			showEnvVarsInLog = 0;
		};
/* End PBXShellScriptBuildPhase section */

/* Begin PBXSourcesBuildPhase section */
		A8B9E8EC244384C8004EE028 /* Sources */ = {
			isa = PBXSourcesBuildPhase;
			buildActionMask = 2147483647;
			files = (
				A8F0E4A5244B548D00EC5830 /* TasksConfigurator.swift in Sources */,
				A8C54FA02447887800F9EE13 /* ListsRouter.swift in Sources */,
				A886FF1924479C8400EBAF2F /* ListsTableViewCell.swift in Sources */,
				A8C54F9224477FC600F9EE13 /* ListsViewOutput.swift in Sources */,
				A83A2CC02444E748007C0BEB /* LoadingDataError.swift in Sources */,
				A801ADF92443C4090078225D /* String+Data.swift in Sources */,
				A8F0E4AE244C8C6E00EC5830 /* TasksTableViewHeader.swift in Sources */,
				A8F0E499244B528900EC5830 /* TasksPresenter.swift in Sources */,
				A8F0E481244B39CD00EC5830 /* AddListViewInput.swift in Sources */,
				A83A2CBB2444E36E007C0BEB /* ListsServiceProtocol.swift in Sources */,
				A8C54FA3244788E600F9EE13 /* ModuleTransitionable.swift in Sources */,
				A8F0E490244B51F900EC5830 /* TasksViewController.swift in Sources */,
				A8F0E484244B3F1800EC5830 /* AddListRouterInput.swift in Sources */,
				A8C54F8A24477EA700F9EE13 /* ListsModuleInput.swift in Sources */,
				A8C54F8E24477EE200F9EE13 /* ListsPresenter.swift in Sources */,
				A8F0E47B244B35C300EC5830 /* UITextField+Done.swift in Sources */,
				A8F0E47D244B376100EC5830 /* UITextView+Done.swift in Sources */,
				A886FF1524479C0100EBAF2F /* ListsDataSource.swift in Sources */,
				A8F0E4AC244BAD7500EC5830 /* TasksDataSource.swift in Sources */,
				A8F0E488244B4FC000EC5830 /* ListsDataSourceOutput.swift in Sources */,
				A8F0E4A0244B537B00EC5830 /* TasksRouterInput.swift in Sources */,
				A8F0E4A2244B538F00EC5830 /* TasksRouter.swift in Sources */,
				A8F0E473244B239100EC5830 /* AddListConfigurator.swift in Sources */,
				A82D58512443BD9F00B237F0 /* ListsAPI.swift in Sources */,
				A8F0E4A9244B996C00EC5830 /* TaskTableViewCell.swift in Sources */,
				A8F0E47F244B384B00EC5830 /* UIColor+hex.swift in Sources */,
				A8F0E46A244B222800EC5830 /* AddListViewController.swift in Sources */,
				A801ADFE2443C55A0078225D /* List.swift in Sources */,
				A8B9E8F8244384C8004EE028 /* ViewController.swift in Sources */,
				A8F0E466244B21F200EC5830 /* AddListPresenter.swift in Sources */,
				A8F0E495244B524100EC5830 /* TasksViewOutput.swift in Sources */,
				A8F0E4B0244C8F5400EC5830 /* UITableViewHeaderFooterView+Identifier.swift in Sources */,
				A83A2CBD2444E37C007C0BEB /* ListsService.swift in Sources */,
				A8C54F9024477F7F00F9EE13 /* ListsViewInput.swift in Sources */,
				A8F0E49D244B52BA00EC5830 /* TasksModuleOutput.swift in Sources */,
				A8F0E46F244B224C00EC5830 /* AddListViewOutput.swift in Sources */,
				A8C54F9E2447885C00F9EE13 /* ListsRouterInput.swift in Sources */,
				A8F0E493244B521500EC5830 /* TasksViewInput.swift in Sources */,
				A801AE002443C5F20078225D /* ListsResponse.swift in Sources */,
				A8B9E8F4244384C8004EE028 /* AppDelegate.swift in Sources */,
				A8F0E49B244B52A400EC5830 /* TasksModuleInput.swift in Sources */,
				A801ADFC2443C5510078225D /* Task.swift in Sources */,
				A8F0E486244B3F2E00EC5830 /* AddListRouter.swift in Sources */,
				A82D58532443BE3E00B237F0 /* Constants.swift in Sources */,
				A8C54F8C24477EC900F9EE13 /* ListsModuleOutput.swift in Sources */,
				A8C54F94244781B100F9EE13 /* ListsConfigurator.swift in Sources */,
				A8B16A3E2447A61C00C0F5A4 /* UiTableViewCell+Nib.swift in Sources */,
				A8B16A3C24479D1F00C0F5A4 /* UITableViewCell+Identifier.swift in Sources */,
				A801AE042443C8580078225D /* ListsViewController.swift in Sources */,
				A8F0E464244B21DF00EC5830 /* AddListModuleOutput.swift in Sources */,
			);
			runOnlyForDeploymentPostprocessing = 0;
		};
		A8B9E902244384CA004EE028 /* Sources */ = {
			isa = PBXSourcesBuildPhase;
			buildActionMask = 2147483647;
			files = (
				A8C54F9B2447829800F9EE13 /* ListsConfiguratorTests.swift in Sources */,
				A8B9E90B244384CA004EE028 /* stodoTests.swift in Sources */,
			);
			runOnlyForDeploymentPostprocessing = 0;
		};
		A8B9E90D244384CA004EE028 /* Sources */ = {
			isa = PBXSourcesBuildPhase;
			buildActionMask = 2147483647;
			files = (
				A8B9E916244384CA004EE028 /* stodoUITests.swift in Sources */,
			);
			runOnlyForDeploymentPostprocessing = 0;
		};
/* End PBXSourcesBuildPhase section */

/* Begin PBXTargetDependency section */
		A8B9E908244384CA004EE028 /* PBXTargetDependency */ = {
			isa = PBXTargetDependency;
			target = A8B9E8EF244384C8004EE028 /* stodo */;
			targetProxy = A8B9E907244384CA004EE028 /* PBXContainerItemProxy */;
		};
		A8B9E913244384CA004EE028 /* PBXTargetDependency */ = {
			isa = PBXTargetDependency;
			target = A8B9E8EF244384C8004EE028 /* stodo */;
			targetProxy = A8B9E912244384CA004EE028 /* PBXContainerItemProxy */;
		};
/* End PBXTargetDependency section */

/* Begin PBXVariantGroup section */
		A8B9E8FE244384C9004EE028 /* LaunchScreen.storyboard */ = {
			isa = PBXVariantGroup;
			children = (
				A8B9E8FF244384C9004EE028 /* Base */,
			);
			name = LaunchScreen.storyboard;
			sourceTree = "<group>";
		};
/* End PBXVariantGroup section */

/* Begin XCBuildConfiguration section */
		A8B9E918244384CA004EE028 /* Debug */ = {
			isa = XCBuildConfiguration;
			buildSettings = {
				ALWAYS_SEARCH_USER_PATHS = NO;
				CLANG_ANALYZER_NONNULL = YES;
				CLANG_ANALYZER_NUMBER_OBJECT_CONVERSION = YES_AGGRESSIVE;
				CLANG_CXX_LANGUAGE_STANDARD = "gnu++14";
				CLANG_CXX_LIBRARY = "libc++";
				CLANG_ENABLE_MODULES = YES;
				CLANG_ENABLE_OBJC_ARC = YES;
				CLANG_ENABLE_OBJC_WEAK = YES;
				CLANG_WARN_BLOCK_CAPTURE_AUTORELEASING = YES;
				CLANG_WARN_BOOL_CONVERSION = YES;
				CLANG_WARN_COMMA = YES;
				CLANG_WARN_CONSTANT_CONVERSION = YES;
				CLANG_WARN_DEPRECATED_OBJC_IMPLEMENTATIONS = YES;
				CLANG_WARN_DIRECT_OBJC_ISA_USAGE = YES_ERROR;
				CLANG_WARN_DOCUMENTATION_COMMENTS = YES;
				CLANG_WARN_EMPTY_BODY = YES;
				CLANG_WARN_ENUM_CONVERSION = YES;
				CLANG_WARN_INFINITE_RECURSION = YES;
				CLANG_WARN_INT_CONVERSION = YES;
				CLANG_WARN_NON_LITERAL_NULL_CONVERSION = YES;
				CLANG_WARN_OBJC_IMPLICIT_RETAIN_SELF = YES;
				CLANG_WARN_OBJC_LITERAL_CONVERSION = YES;
				CLANG_WARN_OBJC_ROOT_CLASS = YES_ERROR;
				CLANG_WARN_RANGE_LOOP_ANALYSIS = YES;
				CLANG_WARN_STRICT_PROTOTYPES = YES;
				CLANG_WARN_SUSPICIOUS_MOVE = YES;
				CLANG_WARN_UNGUARDED_AVAILABILITY = YES_AGGRESSIVE;
				CLANG_WARN_UNREACHABLE_CODE = YES;
				CLANG_WARN__DUPLICATE_METHOD_MATCH = YES;
				COPY_PHASE_STRIP = NO;
				DEBUG_INFORMATION_FORMAT = dwarf;
				ENABLE_STRICT_OBJC_MSGSEND = YES;
				ENABLE_TESTABILITY = YES;
				GCC_C_LANGUAGE_STANDARD = gnu11;
				GCC_DYNAMIC_NO_PIC = NO;
				GCC_NO_COMMON_BLOCKS = YES;
				GCC_OPTIMIZATION_LEVEL = 0;
				GCC_PREPROCESSOR_DEFINITIONS = (
					"DEBUG=1",
					"$(inherited)",
				);
				GCC_WARN_64_TO_32_BIT_CONVERSION = YES;
				GCC_WARN_ABOUT_RETURN_TYPE = YES_ERROR;
				GCC_WARN_UNDECLARED_SELECTOR = YES;
				GCC_WARN_UNINITIALIZED_AUTOS = YES_AGGRESSIVE;
				GCC_WARN_UNUSED_FUNCTION = YES;
				GCC_WARN_UNUSED_VARIABLE = YES;
				IPHONEOS_DEPLOYMENT_TARGET = 11.0;
				MTL_ENABLE_DEBUG_INFO = INCLUDE_SOURCE;
				MTL_FAST_MATH = YES;
				ONLY_ACTIVE_ARCH = YES;
				SDKROOT = iphoneos;
				SWIFT_ACTIVE_COMPILATION_CONDITIONS = DEBUG;
				SWIFT_OPTIMIZATION_LEVEL = "-Onone";
			};
			name = Debug;
		};
		A8B9E919244384CA004EE028 /* Release */ = {
			isa = XCBuildConfiguration;
			buildSettings = {
				ALWAYS_SEARCH_USER_PATHS = NO;
				CLANG_ANALYZER_NONNULL = YES;
				CLANG_ANALYZER_NUMBER_OBJECT_CONVERSION = YES_AGGRESSIVE;
				CLANG_CXX_LANGUAGE_STANDARD = "gnu++14";
				CLANG_CXX_LIBRARY = "libc++";
				CLANG_ENABLE_MODULES = YES;
				CLANG_ENABLE_OBJC_ARC = YES;
				CLANG_ENABLE_OBJC_WEAK = YES;
				CLANG_WARN_BLOCK_CAPTURE_AUTORELEASING = YES;
				CLANG_WARN_BOOL_CONVERSION = YES;
				CLANG_WARN_COMMA = YES;
				CLANG_WARN_CONSTANT_CONVERSION = YES;
				CLANG_WARN_DEPRECATED_OBJC_IMPLEMENTATIONS = YES;
				CLANG_WARN_DIRECT_OBJC_ISA_USAGE = YES_ERROR;
				CLANG_WARN_DOCUMENTATION_COMMENTS = YES;
				CLANG_WARN_EMPTY_BODY = YES;
				CLANG_WARN_ENUM_CONVERSION = YES;
				CLANG_WARN_INFINITE_RECURSION = YES;
				CLANG_WARN_INT_CONVERSION = YES;
				CLANG_WARN_NON_LITERAL_NULL_CONVERSION = YES;
				CLANG_WARN_OBJC_IMPLICIT_RETAIN_SELF = YES;
				CLANG_WARN_OBJC_LITERAL_CONVERSION = YES;
				CLANG_WARN_OBJC_ROOT_CLASS = YES_ERROR;
				CLANG_WARN_RANGE_LOOP_ANALYSIS = YES;
				CLANG_WARN_STRICT_PROTOTYPES = YES;
				CLANG_WARN_SUSPICIOUS_MOVE = YES;
				CLANG_WARN_UNGUARDED_AVAILABILITY = YES_AGGRESSIVE;
				CLANG_WARN_UNREACHABLE_CODE = YES;
				CLANG_WARN__DUPLICATE_METHOD_MATCH = YES;
				COPY_PHASE_STRIP = NO;
				DEBUG_INFORMATION_FORMAT = "dwarf-with-dsym";
				ENABLE_NS_ASSERTIONS = NO;
				ENABLE_STRICT_OBJC_MSGSEND = YES;
				GCC_C_LANGUAGE_STANDARD = gnu11;
				GCC_NO_COMMON_BLOCKS = YES;
				GCC_WARN_64_TO_32_BIT_CONVERSION = YES;
				GCC_WARN_ABOUT_RETURN_TYPE = YES_ERROR;
				GCC_WARN_UNDECLARED_SELECTOR = YES;
				GCC_WARN_UNINITIALIZED_AUTOS = YES_AGGRESSIVE;
				GCC_WARN_UNUSED_FUNCTION = YES;
				GCC_WARN_UNUSED_VARIABLE = YES;
				IPHONEOS_DEPLOYMENT_TARGET = 11.0;
				MTL_ENABLE_DEBUG_INFO = NO;
				MTL_FAST_MATH = YES;
				SDKROOT = iphoneos;
				SWIFT_COMPILATION_MODE = wholemodule;
				SWIFT_OPTIMIZATION_LEVEL = "-O";
				VALIDATE_PRODUCT = YES;
			};
			name = Release;
		};
		A8B9E91B244384CA004EE028 /* Debug */ = {
			isa = XCBuildConfiguration;
			baseConfigurationReference = 5236657382ED880822588D6F /* Pods-stodo.debug.xcconfig */;
			buildSettings = {
				ASSETCATALOG_COMPILER_APPICON_NAME = AppIcon;
				CODE_SIGN_STYLE = Automatic;
				DEVELOPMENT_TEAM = 883M88478B;
				INFOPLIST_FILE = stodo/Main/Info.plist;
				IPHONEOS_DEPLOYMENT_TARGET = 11.0;
				LD_RUNPATH_SEARCH_PATHS = (
					"$(inherited)",
					"@executable_path/Frameworks",
				);
				PRODUCT_BUNDLE_IDENTIFIER = krista.iMonitoring;
				PRODUCT_NAME = "$(TARGET_NAME)";
				SWIFT_VERSION = 5.0;
				TARGETED_DEVICE_FAMILY = "1,2";
			};
			name = Debug;
		};
		A8B9E91C244384CA004EE028 /* Release */ = {
			isa = XCBuildConfiguration;
			baseConfigurationReference = 7C9E8DDC685304F51C368F88 /* Pods-stodo.release.xcconfig */;
			buildSettings = {
				ASSETCATALOG_COMPILER_APPICON_NAME = AppIcon;
				CODE_SIGN_STYLE = Automatic;
				DEVELOPMENT_TEAM = 883M88478B;
				INFOPLIST_FILE = stodo/Main/Info.plist;
				IPHONEOS_DEPLOYMENT_TARGET = 11.0;
				LD_RUNPATH_SEARCH_PATHS = (
					"$(inherited)",
					"@executable_path/Frameworks",
				);
				PRODUCT_BUNDLE_IDENTIFIER = krista.iMonitoring;
				PRODUCT_NAME = "$(TARGET_NAME)";
				SWIFT_VERSION = 5.0;
				TARGETED_DEVICE_FAMILY = "1,2";
			};
			name = Release;
		};
		A8B9E91E244384CA004EE028 /* Debug */ = {
			isa = XCBuildConfiguration;
			baseConfigurationReference = A6CFE2CA162DB243D86B8ECA /* Pods-stodoTests.debug.xcconfig */;
			buildSettings = {
				ALWAYS_EMBED_SWIFT_STANDARD_LIBRARIES = YES;
				BUNDLE_LOADER = "$(TEST_HOST)";
				CODE_SIGN_STYLE = Automatic;
				DEVELOPMENT_TEAM = 883M88478B;
				INFOPLIST_FILE = stodoTests/Info.plist;
				IPHONEOS_DEPLOYMENT_TARGET = 13.4;
				LD_RUNPATH_SEARCH_PATHS = (
					"$(inherited)",
					"@executable_path/Frameworks",
					"@loader_path/Frameworks",
				);
				PRODUCT_BUNDLE_IDENTIFIER = com.codelab.stodoTests;
				PRODUCT_NAME = "$(TARGET_NAME)";
				SWIFT_VERSION = 5.0;
				TARGETED_DEVICE_FAMILY = "1,2";
				TEST_HOST = "$(BUILT_PRODUCTS_DIR)/stodo.app/stodo";
			};
			name = Debug;
		};
		A8B9E91F244384CA004EE028 /* Release */ = {
			isa = XCBuildConfiguration;
			baseConfigurationReference = 80924571463C2C0C877A7C6B /* Pods-stodoTests.release.xcconfig */;
			buildSettings = {
				ALWAYS_EMBED_SWIFT_STANDARD_LIBRARIES = YES;
				BUNDLE_LOADER = "$(TEST_HOST)";
				CODE_SIGN_STYLE = Automatic;
				DEVELOPMENT_TEAM = 883M88478B;
				INFOPLIST_FILE = stodoTests/Info.plist;
				IPHONEOS_DEPLOYMENT_TARGET = 13.4;
				LD_RUNPATH_SEARCH_PATHS = (
					"$(inherited)",
					"@executable_path/Frameworks",
					"@loader_path/Frameworks",
				);
				PRODUCT_BUNDLE_IDENTIFIER = com.codelab.stodoTests;
				PRODUCT_NAME = "$(TARGET_NAME)";
				SWIFT_VERSION = 5.0;
				TARGETED_DEVICE_FAMILY = "1,2";
				TEST_HOST = "$(BUILT_PRODUCTS_DIR)/stodo.app/stodo";
			};
			name = Release;
		};
		A8B9E921244384CA004EE028 /* Debug */ = {
			isa = XCBuildConfiguration;
			baseConfigurationReference = 5434905B97AB4B14E2F3F392 /* Pods-stodo-stodoUITests.debug.xcconfig */;
			buildSettings = {
				ALWAYS_EMBED_SWIFT_STANDARD_LIBRARIES = YES;
				CODE_SIGN_STYLE = Automatic;
				DEVELOPMENT_TEAM = 883M88478B;
				INFOPLIST_FILE = stodoUITests/Info.plist;
				LD_RUNPATH_SEARCH_PATHS = (
					"$(inherited)",
					"@executable_path/Frameworks",
					"@loader_path/Frameworks",
				);
				PRODUCT_BUNDLE_IDENTIFIER = com.codelab.stodoUITests;
				PRODUCT_NAME = "$(TARGET_NAME)";
				SWIFT_VERSION = 5.0;
				TARGETED_DEVICE_FAMILY = "1,2";
				TEST_TARGET_NAME = stodo;
			};
			name = Debug;
		};
		A8B9E922244384CA004EE028 /* Release */ = {
			isa = XCBuildConfiguration;
			baseConfigurationReference = 1893301D86466C65B738617A /* Pods-stodo-stodoUITests.release.xcconfig */;
			buildSettings = {
				ALWAYS_EMBED_SWIFT_STANDARD_LIBRARIES = YES;
				CODE_SIGN_STYLE = Automatic;
				DEVELOPMENT_TEAM = 883M88478B;
				INFOPLIST_FILE = stodoUITests/Info.plist;
				LD_RUNPATH_SEARCH_PATHS = (
					"$(inherited)",
					"@executable_path/Frameworks",
					"@loader_path/Frameworks",
				);
				PRODUCT_BUNDLE_IDENTIFIER = com.codelab.stodoUITests;
				PRODUCT_NAME = "$(TARGET_NAME)";
				SWIFT_VERSION = 5.0;
				TARGETED_DEVICE_FAMILY = "1,2";
				TEST_TARGET_NAME = stodo;
			};
			name = Release;
		};
/* End XCBuildConfiguration section */

/* Begin XCConfigurationList section */
		A8B9E8EB244384C8004EE028 /* Build configuration list for PBXProject "stodo" */ = {
			isa = XCConfigurationList;
			buildConfigurations = (
				A8B9E918244384CA004EE028 /* Debug */,
				A8B9E919244384CA004EE028 /* Release */,
			);
			defaultConfigurationIsVisible = 0;
			defaultConfigurationName = Release;
		};
		A8B9E91A244384CA004EE028 /* Build configuration list for PBXNativeTarget "stodo" */ = {
			isa = XCConfigurationList;
			buildConfigurations = (
				A8B9E91B244384CA004EE028 /* Debug */,
				A8B9E91C244384CA004EE028 /* Release */,
			);
			defaultConfigurationIsVisible = 0;
			defaultConfigurationName = Release;
		};
		A8B9E91D244384CA004EE028 /* Build configuration list for PBXNativeTarget "stodoTests" */ = {
			isa = XCConfigurationList;
			buildConfigurations = (
				A8B9E91E244384CA004EE028 /* Debug */,
				A8B9E91F244384CA004EE028 /* Release */,
			);
			defaultConfigurationIsVisible = 0;
			defaultConfigurationName = Release;
		};
		A8B9E920244384CA004EE028 /* Build configuration list for PBXNativeTarget "stodoUITests" */ = {
			isa = XCConfigurationList;
			buildConfigurations = (
				A8B9E921244384CA004EE028 /* Debug */,
				A8B9E922244384CA004EE028 /* Release */,
			);
			defaultConfigurationIsVisible = 0;
			defaultConfigurationName = Release;
		};
/* End XCConfigurationList section */
	};
	rootObject = A8B9E8E8244384C8004EE028 /* Project object */;
}
